
Microsoft Visual Studio Solution File, Format Version 12.00
# Visual Studio Version 16
VisualStudioVersion = 16.0.29411.108
MinimumVisualStudioVersion = 10.0.40219.1
Project("{FAE04EC0-301F-11D3-BF4B-00C04F79EFBC}") = "backend", "newapp\erpweb-mvc\backend\backend.csproj", "{78336591-4262-431F-AC32-E07FFF33D609}"
EndProject
Project("{FAE04EC0-301F-11D3-BF4B-00C04F79EFBC}") = "erp.Model", "newapp\erp.Model\erp.Model.csproj", "{32737149-900C-4B37-AF6E-52EA8B16F1FE}"
EndProject
Project("{FAE04EC0-301F-11D3-BF4B-00C04F79EFBC}") = "company.Common", "company.Common\company.Common.csproj", "{5D6281AE-2A42-4E1C-AF64-684907F43BA8}"
EndProject

Project("{FAE04EC0-301F-11D3-BF4B-00C04F79EFBC}") = "LogParser", "newapp\LogParser\LogParser.csproj", "{5622E683-5A47-45F3-9B61-640DA4F8980A}"
EndProject
Project("{FAE04EC0-301F-11D3-BF4B-00C04F79EFBC}") = "AegisImplicitMail", "AegisImplictMail\AegisImplicitMail.csproj", "{6F330076-6C00-4A93-8571-2AB5477FFE3F}"
EndProject
Project("{FAE04EC0-301F-11D3-BF4B-00C04F79EFBC}") = "company.Common.Test", "company.Common.Test\company.Common.Test.csproj", "{91C9E8B6-7AEA-4476-BC28-14CEDC62CB9B}"
EndProject
Project("{FAE04EC0-301F-11D3-BF4B-00C04F79EFBC}") = "erp.DAL.EF.New", "newapp\erp.DAL.EF.New\erp.DAL.EF.New.csproj", "{236906E0-9B1A-4B89-9784-E8AEB4F35BE6}"
EndProject
Project("{FAE04EC0-301F-11D3-BF4B-00C04F79EFBC}") = "erp.Model.Dal.New", "newapp\erp.Model.Dal.New\erp.Model.Dal.New.csproj", "{1ED0F18A-6A6B-4E5A-9573-736243AEC6E3}"
EndProject
Global
	GlobalSection(SolutionConfigurationPlatforms) = preSolution
		Debug|Any CPU = Debug|Any CPU
		Debug|Mixed Platforms = Debug|Mixed Platforms
		Debug|x86 = Debug|x86
		Release.UK|Any CPU = Release.UK|Any CPU
		Release.UK|Mixed Platforms = Release.UK|Mixed Platforms
		Release.UK|x86 = Release.UK|x86
		Release|Any CPU = Release|Any CPU
		Release|Mixed Platforms = Release|Mixed Platforms
		Release|x86 = Release|x86
		ReleaseAngular5|Any CPU = ReleaseAngular5|Any CPU
		ReleaseAngular5|Mixed Platforms = ReleaseAngular5|Mixed Platforms
		ReleaseAngular5|x86 = ReleaseAngular5|x86
		server1|Any CPU = server1|Any CPU
		server1|Mixed Platforms = server1|Mixed Platforms
		server1|x86 = server1|x86
		Web.Release.UK.configh|Any CPU = Web.Release.UK.configh|Any CPU
		Web.Release.UK.configh|Mixed Platforms = Web.Release.UK.configh|Mixed Platforms
		Web.Release.UK.configh|x86 = Web.Release.UK.configh|x86
	EndGlobalSection
	GlobalSection(ProjectConfigurationPlatforms) = postSolution
		{78336591-4262-431F-AC32-E07FFF33D609}.Debug|Any CPU.ActiveCfg = Debug|Any CPU
		{78336591-4262-431F-AC32-E07FFF33D609}.Debug|Any CPU.Build.0 = Debug|Any CPU
		{78336591-4262-431F-AC32-E07FFF33D609}.Debug|Mixed Platforms.ActiveCfg = Debug|Any CPU
		{78336591-4262-431F-AC32-E07FFF33D609}.Debug|Mixed Platforms.Build.0 = Debug|Any CPU
		{78336591-4262-431F-AC32-E07FFF33D609}.Debug|x86.ActiveCfg = Debug|Any CPU
		{78336591-4262-431F-AC32-E07FFF33D609}.Release.UK|Any CPU.ActiveCfg = ReleaseAngular5|Any CPU
		{78336591-4262-431F-AC32-E07FFF33D609}.Release.UK|Any CPU.Build.0 = ReleaseAngular5|Any CPU
		{78336591-4262-431F-AC32-E07FFF33D609}.Release.UK|Mixed Platforms.ActiveCfg = ReleaseAngular5|Any CPU
		{78336591-4262-431F-AC32-E07FFF33D609}.Release.UK|Mixed Platforms.Build.0 = ReleaseAngular5|Any CPU
		{78336591-4262-431F-AC32-E07FFF33D609}.Release.UK|x86.ActiveCfg = ReleaseAngular5|Any CPU
		{78336591-4262-431F-AC32-E07FFF33D609}.Release.UK|x86.Build.0 = ReleaseAngular5|Any CPU
		{78336591-4262-431F-AC32-E07FFF33D609}.Release|Any CPU.ActiveCfg = Release|Any CPU
		{78336591-4262-431F-AC32-E07FFF33D609}.Release|Any CPU.Build.0 = Release|Any CPU
		{78336591-4262-431F-AC32-E07FFF33D609}.Release|Mixed Platforms.ActiveCfg = Release|Any CPU
		{78336591-4262-431F-AC32-E07FFF33D609}.Release|Mixed Platforms.Build.0 = Release|Any CPU
		{78336591-4262-431F-AC32-E07FFF33D609}.Release|x86.ActiveCfg = Release|Any CPU
		{78336591-4262-431F-AC32-E07FFF33D609}.ReleaseAngular5|Any CPU.ActiveCfg = ReleaseAngular5|Any CPU
		{78336591-4262-431F-AC32-E07FFF33D609}.ReleaseAngular5|Any CPU.Build.0 = ReleaseAngular5|Any CPU
		{78336591-4262-431F-AC32-E07FFF33D609}.ReleaseAngular5|Mixed Platforms.ActiveCfg = Release|Any CPU
		{78336591-4262-431F-AC32-E07FFF33D609}.ReleaseAngular5|Mixed Platforms.Build.0 = Release|Any CPU
		{78336591-4262-431F-AC32-E07FFF33D609}.ReleaseAngular5|x86.ActiveCfg = Release|Any CPU
		{78336591-4262-431F-AC32-E07FFF33D609}.server1|Any CPU.ActiveCfg = server1|Any CPU
		{78336591-4262-431F-AC32-E07FFF33D609}.server1|Any CPU.Build.0 = server1|Any CPU
		{78336591-4262-431F-AC32-E07FFF33D609}.server1|Mixed Platforms.ActiveCfg = server1|Any CPU
		{78336591-4262-431F-AC32-E07FFF33D609}.server1|Mixed Platforms.Build.0 = server1|Any CPU
		{78336591-4262-431F-AC32-E07FFF33D609}.server1|x86.ActiveCfg = server1|Any CPU
		{78336591-4262-431F-AC32-E07FFF33D609}.server1|x86.Build.0 = server1|Any CPU
		{78336591-4262-431F-AC32-E07FFF33D609}.Web.Release.UK.configh|Any CPU.ActiveCfg = Release|Any CPU
		{78336591-4262-431F-AC32-E07FFF33D609}.Web.Release.UK.configh|Any CPU.Build.0 = Release|Any CPU
		{78336591-4262-431F-AC32-E07FFF33D609}.Web.Release.UK.configh|Mixed Platforms.ActiveCfg = Release|Any CPU
		{78336591-4262-431F-AC32-E07FFF33D609}.Web.Release.UK.configh|Mixed Platforms.Build.0 = Release|Any CPU
		{78336591-4262-431F-AC32-E07FFF33D609}.Web.Release.UK.configh|x86.ActiveCfg = Release|Any CPU
		{78336591-4262-431F-AC32-E07FFF33D609}.Web.Release.UK.configh|x86.Build.0 = Release|Any CPU
		{32737149-900C-4B37-AF6E-52EA8B16F1FE}.Debug|Any CPU.ActiveCfg = Debug|Any CPU
		{32737149-900C-4B37-AF6E-52EA8B16F1FE}.Debug|Any CPU.Build.0 = Debug|Any CPU
		{32737149-900C-4B37-AF6E-52EA8B16F1FE}.Debug|Mixed Platforms.ActiveCfg = Debug|Any CPU
		{32737149-900C-4B37-AF6E-52EA8B16F1FE}.Debug|Mixed Platforms.Build.0 = Debug|Any CPU
		{32737149-900C-4B37-AF6E-52EA8B16F1FE}.Debug|x86.ActiveCfg = Debug|x86
		{32737149-900C-4B37-AF6E-52EA8B16F1FE}.Debug|x86.Build.0 = Debug|x86
		{32737149-900C-4B37-AF6E-52EA8B16F1FE}.Release.UK|Any CPU.ActiveCfg = Release|Any CPU
		{32737149-900C-4B37-AF6E-52EA8B16F1FE}.Release.UK|Any CPU.Build.0 = Release|Any CPU
		{32737149-900C-4B37-AF6E-52EA8B16F1FE}.Release.UK|Mixed Platforms.ActiveCfg = Release|x86
		{32737149-900C-4B37-AF6E-52EA8B16F1FE}.Release.UK|Mixed Platforms.Build.0 = Release|x86
		{32737149-900C-4B37-AF6E-52EA8B16F1FE}.Release.UK|x86.ActiveCfg = Release|x86
		{32737149-900C-4B37-AF6E-52EA8B16F1FE}.Release.UK|x86.Build.0 = Release|x86
		{32737149-900C-4B37-AF6E-52EA8B16F1FE}.Release|Any CPU.ActiveCfg = Release|Any CPU
		{32737149-900C-4B37-AF6E-52EA8B16F1FE}.Release|Any CPU.Build.0 = Release|Any CPU
		{32737149-900C-4B37-AF6E-52EA8B16F1FE}.Release|Mixed Platforms.ActiveCfg = Release|Any CPU
		{32737149-900C-4B37-AF6E-52EA8B16F1FE}.Release|Mixed Platforms.Build.0 = Release|Any CPU
		{32737149-900C-4B37-AF6E-52EA8B16F1FE}.Release|x86.ActiveCfg = Release|x86
		{32737149-900C-4B37-AF6E-52EA8B16F1FE}.Release|x86.Build.0 = Release|x86
		{32737149-900C-4B37-AF6E-52EA8B16F1FE}.ReleaseAngular5|Any CPU.ActiveCfg = Release|Any CPU
		{32737149-900C-4B37-AF6E-52EA8B16F1FE}.ReleaseAngular5|Any CPU.Build.0 = Release|Any CPU
		{32737149-900C-4B37-AF6E-52EA8B16F1FE}.ReleaseAngular5|Mixed Platforms.ActiveCfg = Release|Any CPU
		{32737149-900C-4B37-AF6E-52EA8B16F1FE}.ReleaseAngular5|Mixed Platforms.Build.0 = Release|Any CPU
		{32737149-900C-4B37-AF6E-52EA8B16F1FE}.ReleaseAngular5|x86.ActiveCfg = Release|x86
		{32737149-900C-4B37-AF6E-52EA8B16F1FE}.ReleaseAngular5|x86.Build.0 = Release|x86
		{32737149-900C-4B37-AF6E-52EA8B16F1FE}.server1|Any CPU.ActiveCfg = server1|Any CPU
		{32737149-900C-4B37-AF6E-52EA8B16F1FE}.server1|Any CPU.Build.0 = server1|Any CPU
		{32737149-900C-4B37-AF6E-52EA8B16F1FE}.server1|Mixed Platforms.ActiveCfg = server1|x86
		{32737149-900C-4B37-AF6E-52EA8B16F1FE}.server1|Mixed Platforms.Build.0 = server1|x86
		{32737149-900C-4B37-AF6E-52EA8B16F1FE}.server1|x86.ActiveCfg = server1|x86
		{32737149-900C-4B37-AF6E-52EA8B16F1FE}.server1|x86.Build.0 = server1|x86
		{32737149-900C-4B37-AF6E-52EA8B16F1FE}.Web.Release.UK.configh|Any CPU.ActiveCfg = Release|Any CPU
		{32737149-900C-4B37-AF6E-52EA8B16F1FE}.Web.Release.UK.configh|Any CPU.Build.0 = Release|Any CPU
		{32737149-900C-4B37-AF6E-52EA8B16F1FE}.Web.Release.UK.configh|Mixed Platforms.ActiveCfg = Release|x86
		{32737149-900C-4B37-AF6E-52EA8B16F1FE}.Web.Release.UK.configh|Mixed Platforms.Build.0 = Release|x86
		{32737149-900C-4B37-AF6E-52EA8B16F1FE}.Web.Release.UK.configh|x86.ActiveCfg = Release|x86
		{32737149-900C-4B37-AF6E-52EA8B16F1FE}.Web.Release.UK.configh|x86.Build.0 = Release|x86
		{5D6281AE-2A42-4E1C-AF64-684907F43BA8}.Debug|Any CPU.ActiveCfg = Debug|Any CPU
		{5D6281AE-2A42-4E1C-AF64-684907F43BA8}.Debug|Any CPU.Build.0 = Debug|Any CPU
		{5D6281AE-2A42-4E1C-AF64-684907F43BA8}.Debug|Mixed Platforms.ActiveCfg = Debug|Any CPU
		{5D6281AE-2A42-4E1C-AF64-684907F43BA8}.Debug|Mixed Platforms.Build.0 = Debug|Any CPU
		{5D6281AE-2A42-4E1C-AF64-684907F43BA8}.Debug|x86.ActiveCfg = Debug|x86
		{5D6281AE-2A42-4E1C-AF64-684907F43BA8}.Debug|x86.Build.0 = Debug|x86
		{5D6281AE-2A42-4E1C-AF64-684907F43BA8}.Release.UK|Any CPU.ActiveCfg = Release|Any CPU
		{5D6281AE-2A42-4E1C-AF64-684907F43BA8}.Release.UK|Any CPU.Build.0 = Release|Any CPU
		{5D6281AE-2A42-4E1C-AF64-684907F43BA8}.Release.UK|Mixed Platforms.ActiveCfg = Release|x86
		{5D6281AE-2A42-4E1C-AF64-684907F43BA8}.Release.UK|Mixed Platforms.Build.0 = Release|x86
		{5D6281AE-2A42-4E1C-AF64-684907F43BA8}.Release.UK|x86.ActiveCfg = Release|x86
		{5D6281AE-2A42-4E1C-AF64-684907F43BA8}.Release.UK|x86.Build.0 = Release|x86
		{5D6281AE-2A42-4E1C-AF64-684907F43BA8}.Release|Any CPU.ActiveCfg = Release|Any CPU
		{5D6281AE-2A42-4E1C-AF64-684907F43BA8}.Release|Any CPU.Build.0 = Release|Any CPU
		{5D6281AE-2A42-4E1C-AF64-684907F43BA8}.Release|Mixed Platforms.ActiveCfg = Release|Any CPU
		{5D6281AE-2A42-4E1C-AF64-684907F43BA8}.Release|Mixed Platforms.Build.0 = Release|Any CPU
		{5D6281AE-2A42-4E1C-AF64-684907F43BA8}.Release|x86.ActiveCfg = Release|x86
		{5D6281AE-2A42-4E1C-AF64-684907F43BA8}.Release|x86.Build.0 = Release|x86
		{5D6281AE-2A42-4E1C-AF64-684907F43BA8}.ReleaseAngular5|Any CPU.ActiveCfg = Release|Any CPU
		{5D6281AE-2A42-4E1C-AF64-684907F43BA8}.ReleaseAngular5|Any CPU.Build.0 = Release|Any CPU
		{5D6281AE-2A42-4E1C-AF64-684907F43BA8}.ReleaseAngular5|Mixed Platforms.ActiveCfg = Release|Any CPU
		{5D6281AE-2A42-4E1C-AF64-684907F43BA8}.ReleaseAngular5|Mixed Platforms.Build.0 = Release|Any CPU
		{5D6281AE-2A42-4E1C-AF64-684907F43BA8}.ReleaseAngular5|x86.ActiveCfg = Release|x86
		{5D6281AE-2A42-4E1C-AF64-684907F43BA8}.ReleaseAngular5|x86.Build.0 = Release|x86
		{5D6281AE-2A42-4E1C-AF64-684907F43BA8}.server1|Any CPU.ActiveCfg = server1|Any CPU
		{5D6281AE-2A42-4E1C-AF64-684907F43BA8}.server1|Any CPU.Build.0 = server1|Any CPU
		{5D6281AE-2A42-4E1C-AF64-684907F43BA8}.server1|Mixed Platforms.ActiveCfg = server1|x86
		{5D6281AE-2A42-4E1C-AF64-684907F43BA8}.server1|Mixed Platforms.Build.0 = server1|x86
		{5D6281AE-2A42-4E1C-AF64-684907F43BA8}.server1|x86.ActiveCfg = server1|x86
		{5D6281AE-2A42-4E1C-AF64-684907F43BA8}.server1|x86.Build.0 = server1|x86
		{5D6281AE-2A42-4E1C-AF64-684907F43BA8}.Web.Release.UK.configh|Any CPU.ActiveCfg = Release|Any CPU
		{5D6281AE-2A42-4E1C-AF64-684907F43BA8}.Web.Release.UK.configh|Any CPU.Build.0 = Release|Any CPU
		{5D6281AE-2A42-4E1C-AF64-684907F43BA8}.Web.Release.UK.configh|Mixed Platforms.ActiveCfg = Release|x86
		{5D6281AE-2A42-4E1C-AF64-684907F43BA8}.Web.Release.UK.configh|Mixed Platforms.Build.0 = Release|x86
		{5D6281AE-2A42-4E1C-AF64-684907F43BA8}.Web.Release.UK.configh|x86.ActiveCfg = Release|x86
		{5D6281AE-2A42-4E1C-AF64-684907F43BA8}.Web.Release.UK.configh|x86.Build.0 = Release|x86
		{5622E683-5A47-45F3-9B61-640DA4F8980A}.Debug|Any CPU.ActiveCfg = Debug|Any CPU
		{5622E683-5A47-45F3-9B61-640DA4F8980A}.Debug|Any CPU.Build.0 = Debug|Any CPU
		{5622E683-5A47-45F3-9B61-640DA4F8980A}.Debug|Mixed Platforms.ActiveCfg = Debug|Any CPU
		{5622E683-5A47-45F3-9B61-640DA4F8980A}.Debug|Mixed Platforms.Build.0 = Debug|Any CPU
		{5622E683-5A47-45F3-9B61-640DA4F8980A}.Debug|x86.ActiveCfg = Debug|Any CPU
		{5622E683-5A47-45F3-9B61-640DA4F8980A}.Debug|x86.Build.0 = Debug|Any CPU
		{5622E683-5A47-45F3-9B61-640DA4F8980A}.Release.UK|Any CPU.ActiveCfg = Release|Any CPU
		{5622E683-5A47-45F3-9B61-640DA4F8980A}.Release.UK|Any CPU.Build.0 = Release|Any CPU
		{5622E683-5A47-45F3-9B61-640DA4F8980A}.Release.UK|Mixed Platforms.ActiveCfg = Release|Any CPU
		{5622E683-5A47-45F3-9B61-640DA4F8980A}.Release.UK|Mixed Platforms.Build.0 = Release|Any CPU
		{5622E683-5A47-45F3-9B61-640DA4F8980A}.Release.UK|x86.ActiveCfg = Release|Any CPU
		{5622E683-5A47-45F3-9B61-640DA4F8980A}.Release.UK|x86.Build.0 = Release|Any CPU
		{5622E683-5A47-45F3-9B61-640DA4F8980A}.Release|Any CPU.ActiveCfg = Release|Any CPU
		{5622E683-5A47-45F3-9B61-640DA4F8980A}.Release|Any CPU.Build.0 = Release|Any CPU
		{5622E683-5A47-45F3-9B61-640DA4F8980A}.Release|Mixed Platforms.ActiveCfg = Release|Any CPU
		{5622E683-5A47-45F3-9B61-640DA4F8980A}.Release|Mixed Platforms.Build.0 = Release|Any CPU
		{5622E683-5A47-45F3-9B61-640DA4F8980A}.Release|x86.ActiveCfg = Release|Any CPU
		{5622E683-5A47-45F3-9B61-640DA4F8980A}.Release|x86.Build.0 = Release|Any CPU
		{5622E683-5A47-45F3-9B61-640DA4F8980A}.ReleaseAngular5|Any CPU.ActiveCfg = Release|Any CPU
		{5622E683-5A47-45F3-9B61-640DA4F8980A}.ReleaseAngular5|Any CPU.Build.0 = Release|Any CPU
		{5622E683-5A47-45F3-9B61-640DA4F8980A}.ReleaseAngular5|Mixed Platforms.ActiveCfg = Release|Any CPU
		{5622E683-5A47-45F3-9B61-640DA4F8980A}.ReleaseAngular5|Mixed Platforms.Build.0 = Release|Any CPU
		{5622E683-5A47-45F3-9B61-640DA4F8980A}.ReleaseAngular5|x86.ActiveCfg = Release|Any CPU
		{5622E683-5A47-45F3-9B61-640DA4F8980A}.ReleaseAngular5|x86.Build.0 = Release|Any CPU
		{5622E683-5A47-45F3-9B61-640DA4F8980A}.server1|Any CPU.ActiveCfg = server1|Any CPU
		{5622E683-5A47-45F3-9B61-640DA4F8980A}.server1|Any CPU.Build.0 = server1|Any CPU
		{5622E683-5A47-45F3-9B61-640DA4F8980A}.server1|Mixed Platforms.ActiveCfg = server1|Any CPU
		{5622E683-5A47-45F3-9B61-640DA4F8980A}.server1|Mixed Platforms.Build.0 = server1|Any CPU
		{5622E683-5A47-45F3-9B61-640DA4F8980A}.server1|x86.ActiveCfg = server1|Any CPU
		{5622E683-5A47-45F3-9B61-640DA4F8980A}.server1|x86.Build.0 = server1|Any CPU
		{5622E683-5A47-45F3-9B61-640DA4F8980A}.Web.Release.UK.configh|Any CPU.ActiveCfg = Release|Any CPU
		{5622E683-5A47-45F3-9B61-640DA4F8980A}.Web.Release.UK.configh|Any CPU.Build.0 = Release|Any CPU
		{5622E683-5A47-45F3-9B61-640DA4F8980A}.Web.Release.UK.configh|Mixed Platforms.ActiveCfg = Release|Any CPU
		{5622E683-5A47-45F3-9B61-640DA4F8980A}.Web.Release.UK.configh|Mixed Platforms.Build.0 = Release|Any CPU
		{5622E683-5A47-45F3-9B61-640DA4F8980A}.Web.Release.UK.configh|x86.ActiveCfg = Release|Any CPU
		{5622E683-5A47-45F3-9B61-640DA4F8980A}.Web.Release.UK.configh|x86.Build.0 = Release|Any CPU
		{6F330076-6C00-4A93-8571-2AB5477FFE3F}.Debug|Any CPU.ActiveCfg = Debug|Any CPU
		{6F330076-6C00-4A93-8571-2AB5477FFE3F}.Debug|Any CPU.Build.0 = Debug|Any CPU
		{6F330076-6C00-4A93-8571-2AB5477FFE3F}.Debug|Mixed Platforms.ActiveCfg = Debug|Any CPU
		{6F330076-6C00-4A93-8571-2AB5477FFE3F}.Debug|Mixed Platforms.Build.0 = Debug|Any CPU
		{6F330076-6C00-4A93-8571-2AB5477FFE3F}.Debug|x86.ActiveCfg = Debug|Any CPU
		{6F330076-6C00-4A93-8571-2AB5477FFE3F}.Debug|x86.Build.0 = Debug|Any CPU
		{6F330076-6C00-4A93-8571-2AB5477FFE3F}.Release.UK|Any CPU.ActiveCfg = Release|Any CPU
		{6F330076-6C00-4A93-8571-2AB5477FFE3F}.Release.UK|Any CPU.Build.0 = Release|Any CPU
		{6F330076-6C00-4A93-8571-2AB5477FFE3F}.Release.UK|Mixed Platforms.ActiveCfg = Release|Any CPU
		{6F330076-6C00-4A93-8571-2AB5477FFE3F}.Release.UK|Mixed Platforms.Build.0 = Release|Any CPU
		{6F330076-6C00-4A93-8571-2AB5477FFE3F}.Release.UK|x86.ActiveCfg = Release|Any CPU
		{6F330076-6C00-4A93-8571-2AB5477FFE3F}.Release.UK|x86.Build.0 = Release|Any CPU
		{6F330076-6C00-4A93-8571-2AB5477FFE3F}.Release|Any CPU.ActiveCfg = Release|Any CPU
		{6F330076-6C00-4A93-8571-2AB5477FFE3F}.Release|Any CPU.Build.0 = Release|Any CPU
		{6F330076-6C00-4A93-8571-2AB5477FFE3F}.Release|Mixed Platforms.ActiveCfg = Release|Any CPU
		{6F330076-6C00-4A93-8571-2AB5477FFE3F}.Release|Mixed Platforms.Build.0 = Release|Any CPU
		{6F330076-6C00-4A93-8571-2AB5477FFE3F}.Release|x86.ActiveCfg = Release|Any CPU
		{6F330076-6C00-4A93-8571-2AB5477FFE3F}.Release|x86.Build.0 = Release|Any CPU
		{6F330076-6C00-4A93-8571-2AB5477FFE3F}.ReleaseAngular5|Any CPU.ActiveCfg = Release|Any CPU
		{6F330076-6C00-4A93-8571-2AB5477FFE3F}.ReleaseAngular5|Any CPU.Build.0 = Release|Any CPU
		{6F330076-6C00-4A93-8571-2AB5477FFE3F}.ReleaseAngular5|Mixed Platforms.ActiveCfg = Release|Any CPU
		{6F330076-6C00-4A93-8571-2AB5477FFE3F}.ReleaseAngular5|Mixed Platforms.Build.0 = Release|Any CPU
		{6F330076-6C00-4A93-8571-2AB5477FFE3F}.ReleaseAngular5|x86.ActiveCfg = Release|Any CPU
		{6F330076-6C00-4A93-8571-2AB5477FFE3F}.ReleaseAngular5|x86.Build.0 = Release|Any CPU
		{6F330076-6C00-4A93-8571-2AB5477FFE3F}.server1|Any CPU.ActiveCfg = Release|Any CPU
		{6F330076-6C00-4A93-8571-2AB5477FFE3F}.server1|Any CPU.Build.0 = Release|Any CPU
		{6F330076-6C00-4A93-8571-2AB5477FFE3F}.server1|Mixed Platforms.ActiveCfg = Release|Any CPU
		{6F330076-6C00-4A93-8571-2AB5477FFE3F}.server1|Mixed Platforms.Build.0 = Release|Any CPU
		{6F330076-6C00-4A93-8571-2AB5477FFE3F}.server1|x86.ActiveCfg = Release|Any CPU
		{6F330076-6C00-4A93-8571-2AB5477FFE3F}.server1|x86.Build.0 = Release|Any CPU
		{6F330076-6C00-4A93-8571-2AB5477FFE3F}.Web.Release.UK.configh|Any CPU.ActiveCfg = Release|Any CPU
		{6F330076-6C00-4A93-8571-2AB5477FFE3F}.Web.Release.UK.configh|Any CPU.Build.0 = Release|Any CPU
		{6F330076-6C00-4A93-8571-2AB5477FFE3F}.Web.Release.UK.configh|Mixed Platforms.ActiveCfg = Release|Any CPU
		{6F330076-6C00-4A93-8571-2AB5477FFE3F}.Web.Release.UK.configh|Mixed Platforms.Build.0 = Release|Any CPU
		{6F330076-6C00-4A93-8571-2AB5477FFE3F}.Web.Release.UK.configh|x86.ActiveCfg = Release|Any CPU
		{6F330076-6C00-4A93-8571-2AB5477FFE3F}.Web.Release.UK.configh|x86.Build.0 = Release|Any CPU
		{91C9E8B6-7AEA-4476-BC28-14CEDC62CB9B}.Debug|Any CPU.ActiveCfg = Debug|Any CPU
		{91C9E8B6-7AEA-4476-BC28-14CEDC62CB9B}.Debug|Any CPU.Build.0 = Debug|Any CPU
		{91C9E8B6-7AEA-4476-BC28-14CEDC62CB9B}.Debug|Mixed Platforms.ActiveCfg = Debug|Any CPU
		{91C9E8B6-7AEA-4476-BC28-14CEDC62CB9B}.Debug|Mixed Platforms.Build.0 = Debug|Any CPU
		{91C9E8B6-7AEA-4476-BC28-14CEDC62CB9B}.Debug|x86.ActiveCfg = Debug|Any CPU
		{91C9E8B6-7AEA-4476-BC28-14CEDC62CB9B}.Debug|x86.Build.0 = Debug|Any CPU
		{91C9E8B6-7AEA-4476-BC28-14CEDC62CB9B}.Release.UK|Any CPU.ActiveCfg = Release|Any CPU
		{91C9E8B6-7AEA-4476-BC28-14CEDC62CB9B}.Release.UK|Any CPU.Build.0 = Release|Any CPU
		{91C9E8B6-7AEA-4476-BC28-14CEDC62CB9B}.Release.UK|Mixed Platforms.ActiveCfg = Release|Any CPU
		{91C9E8B6-7AEA-4476-BC28-14CEDC62CB9B}.Release.UK|Mixed Platforms.Build.0 = Release|Any CPU
		{91C9E8B6-7AEA-4476-BC28-14CEDC62CB9B}.Release.UK|x86.ActiveCfg = Release|Any CPU
		{91C9E8B6-7AEA-4476-BC28-14CEDC62CB9B}.Release.UK|x86.Build.0 = Release|Any CPU
		{91C9E8B6-7AEA-4476-BC28-14CEDC62CB9B}.Release|Any CPU.ActiveCfg = Release|Any CPU
		{91C9E8B6-7AEA-4476-BC28-14CEDC62CB9B}.Release|Any CPU.Build.0 = Release|Any CPU
		{91C9E8B6-7AEA-4476-BC28-14CEDC62CB9B}.Release|Mixed Platforms.ActiveCfg = Release|Any CPU
		{91C9E8B6-7AEA-4476-BC28-14CEDC62CB9B}.Release|Mixed Platforms.Build.0 = Release|Any CPU
		{91C9E8B6-7AEA-4476-BC28-14CEDC62CB9B}.Release|x86.ActiveCfg = Release|Any CPU
		{91C9E8B6-7AEA-4476-BC28-14CEDC62CB9B}.Release|x86.Build.0 = Release|Any CPU
		{91C9E8B6-7AEA-4476-BC28-14CEDC62CB9B}.ReleaseAngular5|Any CPU.ActiveCfg = Release|Any CPU
		{91C9E8B6-7AEA-4476-BC28-14CEDC62CB9B}.ReleaseAngular5|Any CPU.Build.0 = Release|Any CPU
		{91C9E8B6-7AEA-4476-BC28-14CEDC62CB9B}.ReleaseAngular5|Mixed Platforms.ActiveCfg = Release|Any CPU
		{91C9E8B6-7AEA-4476-BC28-14CEDC62CB9B}.ReleaseAngular5|Mixed Platforms.Build.0 = Release|Any CPU
		{91C9E8B6-7AEA-4476-BC28-14CEDC62CB9B}.ReleaseAngular5|x86.ActiveCfg = Release|Any CPU
		{91C9E8B6-7AEA-4476-BC28-14CEDC62CB9B}.ReleaseAngular5|x86.Build.0 = Release|Any CPU
		{91C9E8B6-7AEA-4476-BC28-14CEDC62CB9B}.server1|Any CPU.ActiveCfg = Release|Any CPU
		{91C9E8B6-7AEA-4476-BC28-14CEDC62CB9B}.server1|Any CPU.Build.0 = Release|Any CPU
		{91C9E8B6-7AEA-4476-BC28-14CEDC62CB9B}.server1|Mixed Platforms.ActiveCfg = Release|Any CPU
		{91C9E8B6-7AEA-4476-BC28-14CEDC62CB9B}.server1|Mixed Platforms.Build.0 = Release|Any CPU
		{91C9E8B6-7AEA-4476-BC28-14CEDC62CB9B}.server1|x86.ActiveCfg = Release|Any CPU
		{91C9E8B6-7AEA-4476-BC28-14CEDC62CB9B}.server1|x86.Build.0 = Release|Any CPU
		{91C9E8B6-7AEA-4476-BC28-14CEDC62CB9B}.Web.Release.UK.configh|Any CPU.ActiveCfg = Release|Any CPU
		{91C9E8B6-7AEA-4476-BC28-14CEDC62CB9B}.Web.Release.UK.configh|Any CPU.Build.0 = Release|Any CPU
		{91C9E8B6-7AEA-4476-BC28-14CEDC62CB9B}.Web.Release.UK.configh|Mixed Platforms.ActiveCfg = Release|Any CPU
		{91C9E8B6-7AEA-4476-BC28-14CEDC62CB9B}.Web.Release.UK.configh|Mixed Platforms.Build.0 = Release|Any CPU
		{91C9E8B6-7AEA-4476-BC28-14CEDC62CB9B}.Web.Release.UK.configh|x86.ActiveCfg = Release|Any CPU
		{91C9E8B6-7AEA-4476-BC28-14CEDC62CB9B}.Web.Release.UK.configh|x86.Build.0 = Release|Any CPU
		{236906E0-9B1A-4B89-9784-E8AEB4F35BE6}.Debug|Any CPU.ActiveCfg = Debug|Any CPU
		{236906E0-9B1A-4B89-9784-E8AEB4F35BE6}.Debug|Any CPU.Build.0 = Debug|Any CPU
		{236906E0-9B1A-4B89-9784-E8AEB4F35BE6}.Debug|Mixed Platforms.ActiveCfg = Debug|Any CPU
		{236906E0-9B1A-4B89-9784-E8AEB4F35BE6}.Debug|Mixed Platforms.Build.0 = Debug|Any CPU
		{236906E0-9B1A-4B89-9784-E8AEB4F35BE6}.Debug|x86.ActiveCfg = Debug|Any CPU
		{236906E0-9B1A-4B89-9784-E8AEB4F35BE6}.Debug|x86.Build.0 = Debug|Any CPU
		{236906E0-9B1A-4B89-9784-E8AEB4F35BE6}.Release.UK|Any CPU.ActiveCfg = Release.UK|Any CPU
		{236906E0-9B1A-4B89-9784-E8AEB4F35BE6}.Release.UK|Any CPU.Build.0 = Release.UK|Any CPU
		{236906E0-9B1A-4B89-9784-E8AEB4F35BE6}.Release.UK|Mixed Platforms.ActiveCfg = Release.UK|Any CPU
		{236906E0-9B1A-4B89-9784-E8AEB4F35BE6}.Release.UK|Mixed Platforms.Build.0 = Release.UK|Any CPU
		{236906E0-9B1A-4B89-9784-E8AEB4F35BE6}.Release.UK|x86.ActiveCfg = Release.UK|Any CPU
		{236906E0-9B1A-4B89-9784-E8AEB4F35BE6}.Release.UK|x86.Build.0 = Release.UK|Any CPU
		{236906E0-9B1A-4B89-9784-E8AEB4F35BE6}.Release|Any CPU.ActiveCfg = Release|Any CPU
		{236906E0-9B1A-4B89-9784-E8AEB4F35BE6}.Release|Any CPU.Build.0 = Release|Any CPU
		{236906E0-9B1A-4B89-9784-E8AEB4F35BE6}.Release|Mixed Platforms.ActiveCfg = Release|Any CPU
		{236906E0-9B1A-4B89-9784-E8AEB4F35BE6}.Release|Mixed Platforms.Build.0 = Release|Any CPU
		{236906E0-9B1A-4B89-9784-E8AEB4F35BE6}.Release|x86.ActiveCfg = Release|Any CPU
		{236906E0-9B1A-4B89-9784-E8AEB4F35BE6}.Release|x86.Build.0 = Release|Any CPU
		{236906E0-9B1A-4B89-9784-E8AEB4F35BE6}.ReleaseAngular5|Any CPU.ActiveCfg = Release.UK|Any CPU
		{236906E0-9B1A-4B89-9784-E8AEB4F35BE6}.ReleaseAngular5|Any CPU.Build.0 = Release.UK|Any CPU
		{236906E0-9B1A-4B89-9784-E8AEB4F35BE6}.ReleaseAngular5|Mixed Platforms.ActiveCfg = Release.UK|Any CPU
		{236906E0-9B1A-4B89-9784-E8AEB4F35BE6}.ReleaseAngular5|Mixed Platforms.Build.0 = Release.UK|Any CPU
		{236906E0-9B1A-4B89-9784-E8AEB4F35BE6}.ReleaseAngular5|x86.ActiveCfg = Release.UK|Any CPU
		{236906E0-9B1A-4B89-9784-E8AEB4F35BE6}.ReleaseAngular5|x86.Build.0 = Release.UK|Any CPU
		{236906E0-9B1A-4B89-9784-E8AEB4F35BE6}.server1|Any CPU.ActiveCfg = Release.UK|Any CPU
		{236906E0-9B1A-4B89-9784-E8AEB4F35BE6}.server1|Any CPU.Build.0 = Release.UK|Any CPU
		{236906E0-9B1A-4B89-9784-E8AEB4F35BE6}.server1|Mixed Platforms.ActiveCfg = Release.UK|Any CPU
		{236906E0-9B1A-4B89-9784-E8AEB4F35BE6}.server1|Mixed Platforms.Build.0 = Release.UK|Any CPU
		{236906E0-9B1A-4B89-9784-E8AEB4F35BE6}.server1|x86.ActiveCfg = Release.UK|Any CPU
		{236906E0-9B1A-4B89-9784-E8AEB4F35BE6}.server1|x86.Build.0 = Release.UK|Any CPU
		{236906E0-9B1A-4B89-9784-E8AEB4F35BE6}.Web.Release.UK.configh|Any CPU.ActiveCfg = Web.Release.UK.configh|Any CPU
		{236906E0-9B1A-4B89-9784-E8AEB4F35BE6}.Web.Release.UK.configh|Any CPU.Build.0 = Web.Release.UK.configh|Any CPU
		{236906E0-9B1A-4B89-9784-E8AEB4F35BE6}.Web.Release.UK.configh|Mixed Platforms.ActiveCfg = Web.Release.UK.configh|Any CPU
		{236906E0-9B1A-4B89-9784-E8AEB4F35BE6}.Web.Release.UK.configh|Mixed Platforms.Build.0 = Web.Release.UK.configh|Any CPU
		{236906E0-9B1A-4B89-9784-E8AEB4F35BE6}.Web.Release.UK.configh|x86.ActiveCfg = Web.Release.UK.configh|Any CPU
		{236906E0-9B1A-4B89-9784-E8AEB4F35BE6}.Web.Release.UK.configh|x86.Build.0 = Web.Release.UK.configh|Any CPU
		{1ED0F18A-6A6B-4E5A-9573-736243AEC6E3}.Debug|Any CPU.ActiveCfg = Debug|Any CPU
		{1ED0F18A-6A6B-4E5A-9573-736243AEC6E3}.Debug|Any CPU.Build.0 = Debug|Any CPU
		{1ED0F18A-6A6B-4E5A-9573-736243AEC6E3}.Debug|Mixed Platforms.ActiveCfg = Debug|Any CPU
		{1ED0F18A-6A6B-4E5A-9573-736243AEC6E3}.Debug|Mixed Platforms.Build.0 = Debug|Any CPU
		{1ED0F18A-6A6B-4E5A-9573-736243AEC6E3}.Debug|x86.ActiveCfg = Debug|Any CPU
		{1ED0F18A-6A6B-4E5A-9573-736243AEC6E3}.Debug|x86.Build.0 = Debug|Any CPU
		{1ED0F18A-6A6B-4E5A-9573-736243AEC6E3}.Release.UK|Any CPU.ActiveCfg = Release.UK|Any CPU
		{1ED0F18A-6A6B-4E5A-9573-736243AEC6E3}.Release.UK|Any CPU.Build.0 = Release.UK|Any CPU
		{1ED0F18A-6A6B-4E5A-9573-736243AEC6E3}.Release.UK|Mixed Platforms.ActiveCfg = Release.UK|Any CPU
		{1ED0F18A-6A6B-4E5A-9573-736243AEC6E3}.Release.UK|Mixed Platforms.Build.0 = Release.UK|Any CPU
		{1ED0F18A-6A6B-4E5A-9573-736243AEC6E3}.Release.UK|x86.ActiveCfg = Release.UK|Any CPU
		{1ED0F18A-6A6B-4E5A-9573-736243AEC6E3}.Release.UK|x86.Build.0 = Release.UK|Any CPU
		{1ED0F18A-6A6B-4E5A-9573-736243AEC6E3}.Release|Any CPU.ActiveCfg = Release|Any CPU
		{1ED0F18A-6A6B-4E5A-9573-736243AEC6E3}.Release|Any CPU.Build.0 = Release|Any CPU
		{1ED0F18A-6A6B-4E5A-9573-736243AEC6E3}.Release|Mixed Platforms.ActiveCfg = Release|Any CPU
		{1ED0F18A-6A6B-4E5A-9573-736243AEC6E3}.Release|Mixed Platforms.Build.0 = Release|Any CPU
		{1ED0F18A-6A6B-4E5A-9573-736243AEC6E3}.Release|x86.ActiveCfg = Release|Any CPU
		{1ED0F18A-6A6B-4E5A-9573-736243AEC6E3}.Release|x86.Build.0 = Release|Any CPU
		{1ED0F18A-6A6B-4E5A-9573-736243AEC6E3}.ReleaseAngular5|Any CPU.ActiveCfg = Release.UK|Any CPU
		{1ED0F18A-6A6B-4E5A-9573-736243AEC6E3}.ReleaseAngular5|Any CPU.Build.0 = Release.UK|Any CPU
		{1ED0F18A-6A6B-4E5A-9573-736243AEC6E3}.ReleaseAngular5|Mixed Platforms.ActiveCfg = Release.UK|Any CPU
		{1ED0F18A-6A6B-4E5A-9573-736243AEC6E3}.ReleaseAngular5|Mixed Platforms.Build.0 = Release.UK|Any CPU
		{1ED0F18A-6A6B-4E5A-9573-736243AEC6E3}.ReleaseAngular5|x86.ActiveCfg = Release.UK|Any CPU
		{1ED0F18A-6A6B-4E5A-9573-736243AEC6E3}.ReleaseAngular5|x86.Build.0 = Release.UK|Any CPU
		{1ED0F18A-6A6B-4E5A-9573-736243AEC6E3}.server1|Any CPU.ActiveCfg = Release.UK|Any CPU
		{1ED0F18A-6A6B-4E5A-9573-736243AEC6E3}.server1|Any CPU.Build.0 = Release.UK|Any CPU
		{1ED0F18A-6A6B-4E5A-9573-736243AEC6E3}.server1|Mixed Platforms.ActiveCfg = Release.UK|Any CPU
		{1ED0F18A-6A6B-4E5A-9573-736243AEC6E3}.server1|Mixed Platforms.Build.0 = Release.UK|Any CPU
		{1ED0F18A-6A6B-4E5A-9573-736243AEC6E3}.server1|x86.ActiveCfg = Release.UK|Any CPU
		{1ED0F18A-6A6B-4E5A-9573-736243AEC6E3}.server1|x86.Build.0 = Release.UK|Any CPU
		{1ED0F18A-6A6B-4E5A-9573-736243AEC6E3}.Web.Release.UK.configh|Any CPU.ActiveCfg = Web.Release.UK.configh|Any CPU
		{1ED0F18A-6A6B-4E5A-9573-736243AEC6E3}.Web.Release.UK.configh|Any CPU.Build.0 = Web.Release.UK.configh|Any CPU
		{1ED0F18A-6A6B-4E5A-9573-736243AEC6E3}.Web.Release.UK.configh|Mixed Platforms.ActiveCfg = Web.Release.UK.configh|Any CPU
		{1ED0F18A-6A6B-4E5A-9573-736243AEC6E3}.Web.Release.UK.configh|Mixed Platforms.Build.0 = Web.Release.UK.configh|Any CPU
		{1ED0F18A-6A6B-4E5A-9573-736243AEC6E3}.Web.Release.UK.configh|x86.ActiveCfg = Web.Release.UK.configh|Any CPU
		{1ED0F18A-6A6B-4E5A-9573-736243AEC6E3}.Web.Release.UK.configh|x86.Build.0 = Web.Release.UK.configh|Any CPU
	EndGlobalSection
	GlobalSection(SolutionProperties) = preSolution
		HideSolutionNode = FALSE
	EndGlobalSection
	GlobalSection(ExtensibilityGlobals) = postSolution
		SolutionGuid = {9C1A39F6-1CFE-43B8-85A2-974D3A186644}
	EndGlobalSection
EndGlobal
